// !$*UTF8*$!
{
	archiveVersion = 1;
	classes = {
	};
	objectVersion = 50;
	objects = {

/* Begin PBXBuildFile section */
		9020E52C2463BB20005F0A05 /* AppDelegate.swift in Sources */ = {isa = PBXBuildFile; fileRef = 9020E52B2463BB20005F0A05 /* AppDelegate.swift */; };
		9020E52E2463BB20005F0A05 /* SceneDelegate.swift in Sources */ = {isa = PBXBuildFile; fileRef = 9020E52D2463BB20005F0A05 /* SceneDelegate.swift */; };
		9020E5302463BB20005F0A05 /* ViewController.swift in Sources */ = {isa = PBXBuildFile; fileRef = 9020E52F2463BB20005F0A05 /* ViewController.swift */; };
		9020E5352463BB24005F0A05 /* Assets.xcassets in Resources */ = {isa = PBXBuildFile; fileRef = 9020E5342463BB24005F0A05 /* Assets.xcassets */; };
		9020E5382463BB24005F0A05 /* LaunchScreen.storyboard in Resources */ = {isa = PBXBuildFile; fileRef = 9020E5362463BB24005F0A05 /* LaunchScreen.storyboard */; };
		90DE02ED2463FE0000CDA852 /* CarouselItem.swift in Sources */ = {isa = PBXBuildFile; fileRef = 90DE02EB2463FE0000CDA852 /* CarouselItem.swift */; };
		90DE02EE2463FE0000CDA852 /* CarouselItem.xib in Resources */ = {isa = PBXBuildFile; fileRef = 90DE02EC2463FE0000CDA852 /* CarouselItem.xib */; };
		90DE02F22463FE1500CDA852 /* CarouselViewController.swift in Sources */ = {isa = PBXBuildFile; fileRef = 90DE02EF2463FE1500CDA852 /* CarouselViewController.swift */; };
		90DE02F32463FE1500CDA852 /* Main.storyboard in Resources */ = {isa = PBXBuildFile; fileRef = 90DE02F02463FE1500CDA852 /* Main.storyboard */; };
		90DE02F42463FE1500CDA852 /* CarouselPageViewController.swift in Sources */ = {isa = PBXBuildFile; fileRef = 90DE02F12463FE1500CDA852 /* CarouselPageViewController.swift */; };
/* End PBXBuildFile section */

/* Begin PBXFileReference section */
		9020E5282463BB20005F0A05 /* cc-test.app */ = {isa = PBXFileReference; explicitFileType = wrapper.application; includeInIndex = 0; path = "cc-test.app"; sourceTree = BUILT_PRODUCTS_DIR; };
		9020E52B2463BB20005F0A05 /* AppDelegate.swift */ = {isa = PBXFileReference; lastKnownFileType = sourcecode.swift; path = AppDelegate.swift; sourceTree = "<group>"; };
		9020E52D2463BB20005F0A05 /* SceneDelegate.swift */ = {isa = PBXFileReference; lastKnownFileType = sourcecode.swift; path = SceneDelegate.swift; sourceTree = "<group>"; };
		9020E52F2463BB20005F0A05 /* ViewController.swift */ = {isa = PBXFileReference; lastKnownFileType = sourcecode.swift; path = ViewController.swift; sourceTree = "<group>"; };
		9020E5342463BB24005F0A05 /* Assets.xcassets */ = {isa = PBXFileReference; lastKnownFileType = folder.assetcatalog; path = Assets.xcassets; sourceTree = "<group>"; };
		9020E5372463BB24005F0A05 /* Base */ = {isa = PBXFileReference; lastKnownFileType = file.storyboard; name = Base; path = Base.lproj/LaunchScreen.storyboard; sourceTree = "<group>"; };
		9020E5392463BB24005F0A05 /* Info.plist */ = {isa = PBXFileReference; lastKnownFileType = text.plist.xml; path = Info.plist; sourceTree = "<group>"; };
		90DE02EB2463FE0000CDA852 /* CarouselItem.swift */ = {isa = PBXFileReference; fileEncoding = 4; lastKnownFileType = sourcecode.swift; path = CarouselItem.swift; sourceTree = "<group>"; };
		90DE02EC2463FE0000CDA852 /* CarouselItem.xib */ = {isa = PBXFileReference; fileEncoding = 4; lastKnownFileType = file.xib; path = CarouselItem.xib; sourceTree = "<group>"; };
		90DE02EF2463FE1500CDA852 /* CarouselViewController.swift */ = {isa = PBXFileReference; fileEncoding = 4; lastKnownFileType = sourcecode.swift; path = CarouselViewController.swift; sourceTree = "<group>"; };
		90DE02F02463FE1500CDA852 /* Main.storyboard */ = {isa = PBXFileReference; fileEncoding = 4; lastKnownFileType = file.storyboard; path = Main.storyboard; sourceTree = "<group>"; };
		90DE02F12463FE1500CDA852 /* CarouselPageViewController.swift */ = {isa = PBXFileReference; fileEncoding = 4; lastKnownFileType = sourcecode.swift; path = CarouselPageViewController.swift; sourceTree = "<group>"; };
/* End PBXFileReference section */

/* Begin PBXFrameworksBuildPhase section */
		9020E5252463BB20005F0A05 /* Frameworks */ = {
			isa = PBXFrameworksBuildPhase;
			buildActionMask = 2147483647;
			files = (
			);
			runOnlyForDeploymentPostprocessing = 0;
		};
/* End PBXFrameworksBuildPhase section */

/* Begin PBXGroup section */
		9020E51F2463BB20005F0A05 = {
			isa = PBXGroup;
			children = (
				9020E52A2463BB20005F0A05 /* cc-test */,
				9020E5292463BB20005F0A05 /* Products */,
			);
			sourceTree = "<group>";
		};
		9020E5292463BB20005F0A05 /* Products */ = {
			isa = PBXGroup;
			children = (
				9020E5282463BB20005F0A05 /* cc-test.app */,
			);
			name = Products;
			sourceTree = "<group>";
		};
		9020E52A2463BB20005F0A05 /* cc-test */ = {
			isa = PBXGroup;
			children = (
				9020E52B2463BB20005F0A05 /* AppDelegate.swift */,
				9020E52D2463BB20005F0A05 /* SceneDelegate.swift */,
				90DE02EB2463FE0000CDA852 /* CarouselItem.swift */,
				90DE02EC2463FE0000CDA852 /* CarouselItem.xib */,
				90DE02F12463FE1500CDA852 /* CarouselPageViewController.swift */,
				90DE02EF2463FE1500CDA852 /* CarouselViewController.swift */,
				90DE02F02463FE1500CDA852 /* Main.storyboard */,
				9020E52F2463BB20005F0A05 /* ViewController.swift */,
				9020E5342463BB24005F0A05 /* Assets.xcassets */,
				9020E5362463BB24005F0A05 /* LaunchScreen.storyboard */,
				9020E5392463BB24005F0A05 /* Info.plist */,
			);
			path = "cc-test";
			sourceTree = "<group>";
		};
/* End PBXGroup section */

/* Begin PBXNativeTarget section */
		9020E5272463BB20005F0A05 /* cc-test */ = {
			isa = PBXNativeTarget;
			buildConfigurationList = 9020E53C2463BB24005F0A05 /* Build configuration list for PBXNativeTarget "cc-test" */;
			buildPhases = (
				9020E5242463BB20005F0A05 /* Sources */,
				9020E5252463BB20005F0A05 /* Frameworks */,
				9020E5262463BB20005F0A05 /* Resources */,
			);
			buildRules = (
			);
			dependencies = (
			);
			name = "cc-test";
			productName = "cc-test";
			productReference = 9020E5282463BB20005F0A05 /* cc-test.app */;
			productType = "com.apple.product-type.application";
		};
/* End PBXNativeTarget section */

/* Begin PBXProject section */
		9020E5202463BB20005F0A05 /* Project object */ = {
			isa = PBXProject;
			attributes = {
				LastSwiftUpdateCheck = 1140;
				LastUpgradeCheck = 1140;
				ORGANIZATIONNAME = "Xi Apps";
				TargetAttributes = {
					9020E5272463BB20005F0A05 = {
						CreatedOnToolsVersion = 11.4.1;
					};
				};
			};
			buildConfigurationList = 9020E5232463BB20005F0A05 /* Build configuration list for PBXProject "cc-test" */;
			compatibilityVersion = "Xcode 9.3";
			developmentRegion = en;
			hasScannedForEncodings = 0;
			knownRegions = (
				en,
				Base,
			);
			mainGroup = 9020E51F2463BB20005F0A05;
			productRefGroup = 9020E5292463BB20005F0A05 /* Products */;
			projectDirPath = "";
			projectRoot = "";
			targets = (
				9020E5272463BB20005F0A05 /* cc-test */,
			);
		};
/* End PBXProject section */

/* Begin PBXResourcesBuildPhase section */
		9020E5262463BB20005F0A05 /* Resources */ = {
			isa = PBXResourcesBuildPhase;
			buildActionMask = 2147483647;
			files = (
				9020E5382463BB24005F0A05 /* LaunchScreen.storyboard in Resources */,
				90DE02EE2463FE0000CDA852 /* CarouselItem.xib in Resources */,
				9020E5352463BB24005F0A05 /* Assets.xcassets in Resources */,
				90DE02F32463FE1500CDA852 /* Main.storyboard in Resources */,
			);
			runOnlyForDeploymentPostprocessing = 0;
		};
/* End PBXResourcesBuildPhase section */

/* Begin PBXSourcesBuildPhase section */
		9020E5242463BB20005F0A05 /* Sources */ = {
			isa = PBXSourcesBuildPhase;
			buildActionMask = 2147483647;
			files = (
				90DE02F22463FE1500CDA852 /* CarouselViewController.swift in Sources */,
				9020E5302463BB20005F0A05 /* ViewController.swift in Sources */,
				9020E52C2463BB20005F0A05 /* AppDelegate.swift in Sources */,
				90DE02ED2463FE0000CDA852 /* CarouselItem.swift in Sources */,
				90DE02F42463FE1500CDA852 /* CarouselPageViewController.swift in Sources */,
				9020E52E2463BB20005F0A05 /* SceneDelegate.swift in Sources */,
			);
			runOnlyForDeploymentPostprocessing = 0;
		};
/* End PBXSourcesBuildPhase section */

/* Begin PBXVariantGroup section */
		9020E5362463BB24005F0A05 /* LaunchScreen.storyboard */ = {
			isa = PBXVariantGroup;
			children = (
				9020E5372463BB24005F0A05 /* Base */,
			);
			name = LaunchScreen.storyboard;
			sourceTree = "<group>";
		};
/* End PBXVariantGroup section */

/* Begin XCBuildConfiguration section */
		9020E53A2463BB24005F0A05 /* Debug */ = {
			isa = XCBuildConfiguration;
			buildSettings = {
				ALWAYS_SEARCH_USER_PATHS = NO;
				CLANG_ANALYZER_NONNULL = YES;
				CLANG_ANALYZER_NUMBER_OBJECT_CONVERSION = YES_AGGRESSIVE;
				CLANG_CXX_LANGUAGE_STANDARD = "gnu++14";
				CLANG_CXX_LIBRARY = "libc++";
				CLANG_ENABLE_MODULES = YES;
				CLANG_ENABLE_OBJC_ARC = YES;
				CLANG_ENABLE_OBJC_WEAK = YES;
				CLANG_WARN_BLOCK_CAPTURE_AUTORELEASING = YES;
				CLANG_WARN_BOOL_CONVERSION = YES;
				CLANG_WARN_COMMA = YES;
				CLANG_WARN_CONSTANT_CONVERSION = YES;
				CLANG_WARN_DEPRECATED_OBJC_IMPLEMENTATIONS = YES;
				CLANG_WARN_DIRECT_OBJC_ISA_USAGE = YES_ERROR;
				CLANG_WARN_DOCUMENTATION_COMMENTS = YES;
				CLANG_WARN_EMPTY_BODY = YES;
				CLANG_WARN_ENUM_CONVERSION = YES;
				CLANG_WARN_INFINITE_RECURSION = YES;
				CLANG_WARN_INT_CONVERSION = YES;
				CLANG_WARN_NON_LITERAL_NULL_CONVERSION = YES;
				CLANG_WARN_OBJC_IMPLICIT_RETAIN_SELF = YES;
				CLANG_WARN_OBJC_LITERAL_CONVERSION = YES;
				CLANG_WARN_OBJC_ROOT_CLASS = YES_ERROR;
				CLANG_WARN_RANGE_LOOP_ANALYSIS = YES;
				CLANG_WARN_STRICT_PROTOTYPES = YES;
				CLANG_WARN_SUSPICIOUS_MOVE = YES;
				CLANG_WARN_UNGUARDED_AVAILABILITY = YES_AGGRESSIVE;
				CLANG_WARN_UNREACHABLE_CODE = YES;
				CLANG_WARN__DUPLICATE_METHOD_MATCH = YES;
				COPY_PHASE_STRIP = NO;
				DEBUG_INFORMATION_FORMAT = dwarf;
				ENABLE_STRICT_OBJC_MSGSEND = YES;
				ENABLE_TESTABILITY = YES;
				GCC_C_LANGUAGE_STANDARD = gnu11;
				GCC_DYNAMIC_NO_PIC = NO;
				GCC_NO_COMMON_BLOCKS = YES;
				GCC_OPTIMIZATION_LEVEL = 0;
				GCC_PREPROCESSOR_DEFINITIONS = (
					"DEBUG=1",
					"$(inherited)",
				);
				GCC_WARN_64_TO_32_BIT_CONVERSION = YES;
				GCC_WARN_ABOUT_RETURN_TYPE = YES_ERROR;
				GCC_WARN_UNDECLARED_SELECTOR = YES;
				GCC_WARN_UNINITIALIZED_AUTOS = YES_AGGRESSIVE;
				GCC_WARN_UNUSED_FUNCTION = YES;
				GCC_WARN_UNUSED_VARIABLE = YES;
				IPHONEOS_DEPLOYMENT_TARGET = 13.4;
				MTL_ENABLE_DEBUG_INFO = INCLUDE_SOURCE;
				MTL_FAST_MATH = YES;
				ONLY_ACTIVE_ARCH = YES;
				SDKROOT = iphoneos;
				SWIFT_ACTIVE_COMPILATION_CONDITIONS = DEBUG;
				SWIFT_OPTIMIZATION_LEVEL = "-Onone";
			};
			name = Debug;
		};
		9020E53B2463BB24005F0A05 /* Release */ = {
			isa = XCBuildConfiguration;
			buildSettings = {
				ALWAYS_SEARCH_USER_PATHS = NO;
				CLANG_ANALYZER_NONNULL = YES;
				CLANG_ANALYZER_NUMBER_OBJECT_CONVERSION = YES_AGGRESSIVE;
				CLANG_CXX_LANGUAGE_STANDARD = "gnu++14";
				CLANG_CXX_LIBRARY = "libc++";
				CLANG_ENABLE_MODULES = YES;
				CLANG_ENABLE_OBJC_ARC = YES;
				CLANG_ENABLE_OBJC_WEAK = YES;
				CLANG_WARN_BLOCK_CAPTURE_AUTORELEASING = YES;
				CLANG_WARN_BOOL_CONVERSION = YES;
				CLANG_WARN_COMMA = YES;
				CLANG_WARN_CONSTANT_CONVERSION = YES;
				CLANG_WARN_DEPRECATED_OBJC_IMPLEMENTATIONS = YES;
				CLANG_WARN_DIRECT_OBJC_ISA_USAGE = YES_ERROR;
				CLANG_WARN_DOCUMENTATION_COMMENTS = YES;
				CLANG_WARN_EMPTY_BODY = YES;
				CLANG_WARN_ENUM_CONVERSION = YES;
				CLANG_WARN_INFINITE_RECURSION = YES;
				CLANG_WARN_INT_CONVERSION = YES;
				CLANG_WARN_NON_LITERAL_NULL_CONVERSION = YES;
				CLANG_WARN_OBJC_IMPLICIT_RETAIN_SELF = YES;
				CLANG_WARN_OBJC_LITERAL_CONVERSION = YES;
				CLANG_WARN_OBJC_ROOT_CLASS = YES_ERROR;
				CLANG_WARN_RANGE_LOOP_ANALYSIS = YES;
				CLANG_WARN_STRICT_PROTOTYPES = YES;
				CLANG_WARN_SUSPICIOUS_MOVE = YES;
				CLANG_WARN_UNGUARDED_AVAILABILITY = YES_AGGRESSIVE;
				CLANG_WARN_UNREACHABLE_CODE = YES;
				CLANG_WARN__DUPLICATE_METHOD_MATCH = YES;
				COPY_PHASE_STRIP = NO;
				DEBUG_INFORMATION_FORMAT = "dwarf-with-dsym";
				ENABLE_NS_ASSERTIONS = NO;
				ENABLE_STRICT_OBJC_MSGSEND = YES;
				GCC_C_LANGUAGE_STANDARD = gnu11;
				GCC_NO_COMMON_BLOCKS = YES;
				GCC_WARN_64_TO_32_BIT_CONVERSION = YES;
				GCC_WARN_ABOUT_RETURN_TYPE = YES_ERROR;
				GCC_WARN_UNDECLARED_SELECTOR = YES;
				GCC_WARN_UNINITIALIZED_AUTOS = YES_AGGRESSIVE;
				GCC_WARN_UNUSED_FUNCTION = YES;
				GCC_WARN_UNUSED_VARIABLE = YES;
				IPHONEOS_DEPLOYMENT_TARGET = 13.4;
				MTL_ENABLE_DEBUG_INFO = NO;
				MTL_FAST_MATH = YES;
				SDKROOT = iphoneos;
				SWIFT_COMPILATION_MODE = wholemodule;
				SWIFT_OPTIMIZATION_LEVEL = "-O";
				VALIDATE_PRODUCT = YES;
			};
			name = Release;
		};
		9020E53D2463BB24005F0A05 /* Debug */ = {
			isa = XCBuildConfiguration;
			buildSettings = {
				ASSETCATALOG_COMPILER_APPICON_NAME = AppIcon;
				CODE_SIGN_STYLE = Automatic;
				DEVELOPMENT_TEAM = Q3EJJ6M7CU;
				INFOPLIST_FILE = "cc-test/Info.plist";
				LD_RUNPATH_SEARCH_PATHS = (
					"$(inherited)",
					"@executable_path/Frameworks",
				);
				PRODUCT_BUNDLE_IDENTIFIER = "com.XiApps.cc-test";
				PRODUCT_NAME = "$(TARGET_NAME)";
				SWIFT_VERSION = 5.0;
				TARGETED_DEVICE_FAMILY = "1,2";
			};
			name = Debug;
		};
		9020E53E2463BB24005F0A05 /* Release */ = {
			isa = XCBuildConfiguration;
			buildSettings = {
				ASSETCATALOG_COMPILER_APPICON_NAME = AppIcon;
				CODE_SIGN_STYLE = Automatic;
				DEVELOPMENT_TEAM = Q3EJJ6M7CU;
				INFOPLIST_FILE = "cc-test/Info.plist";
				LD_RUNPATH_SEARCH_PATHS = (
					"$(inherited)",
					"@executable_path/Frameworks",
				);
				PRODUCT_BUNDLE_IDENTIFIER = "com.XiApps.cc-test";
				PRODUCT_NAME = "$(TARGET_NAME)";
				SWIFT_VERSION = 5.0;
				TARGETED_DEVICE_FAMILY = "1,2";
			};
			name = Release;
		};
/* End XCBuildConfiguration section */

/* Begin XCConfigurationList section */
		9020E5232463BB20005F0A05 /* Build configuration list for PBXProject "cc-test" */ = {
			isa = XCConfigurationList;
			buildConfigurations = (
				9020E53A2463BB24005F0A05 /* Debug */,
				9020E53B2463BB24005F0A05 /* Release */,
			);
			defaultConfigurationIsVisible = 0;
			defaultConfigurationName = Release;
		};
		9020E53C2463BB24005F0A05 /* Build configuration list for PBXNativeTarget "cc-test" */ = {
			isa = XCConfigurationList;
			buildConfigurations = (
				9020E53D2463BB24005F0A05 /* Debug */,
				9020E53E2463BB24005F0A05 /* Release */,
			);
			defaultConfigurationIsVisible = 0;
			defaultConfigurationName = Release;
		};
/* End XCConfigurationList section */
	};
	rootObject = 9020E5202463BB20005F0A05 /* Project object */;
}
